
Microsoft Visual Studio Solution File, Format Version 12.00
# Visual Studio Version 16
VisualStudioVersion = 16.0.30503.244
MinimumVisualStudioVersion = 10.0.40219.1
Project("{FAE04EC0-301F-11D3-BF4B-00C04F79EFBC}") = "ConsoleApp", "Console\ConsoleApp.csproj", "{359A7B43-C250-4E27-AD24-E52DECF3DE9C}"
EndProject
Project("{FAE04EC0-301F-11D3-BF4B-00C04F79EFBC}") = "Model", "Model\Model.csproj", "{2B8F1664-DB8E-4104-8A7F-E2BF947AAB1F}"
EndProject
Project("{FAE04EC0-301F-11D3-BF4B-00C04F79EFBC}") = "Controller", "Controller\Controller.csproj", "{0861AF9C-7B8D-42F6-8472-BE7847BCD30A}"
EndProject
Project("{FAE04EC0-301F-11D3-BF4B-00C04F79EFBC}") = "ControllerTest", "ControllerTest\ControllerTest.csproj", "{014E3F36-9099-4886-96FD-6D13F6990067}"
EndProject
Global
	GlobalSection(SolutionConfigurationPlatforms) = preSolution
		Debug|Any CPU = Debug|Any CPU
		Release|Any CPU = Release|Any CPU
	EndGlobalSection
	GlobalSection(ProjectConfigurationPlatforms) = postSolution
		{359A7B43-C250-4E27-AD24-E52DECF3DE9C}.Debug|Any CPU.ActiveCfg = Debug|Any CPU
		{359A7B43-C250-4E27-AD24-E52DECF3DE9C}.Debug|Any CPU.Build.0 = Debug|Any CPU
		{359A7B43-C250-4E27-AD24-E52DECF3DE9C}.Release|Any CPU.ActiveCfg = Release|Any CPU
		{359A7B43-C250-4E27-AD24-E52DECF3DE9C}.Release|Any CPU.Build.0 = Release|Any CPU
		{2B8F1664-DB8E-4104-8A7F-E2BF947AAB1F}.Debug|Any CPU.ActiveCfg = Debug|Any CPU
		{2B8F1664-DB8E-4104-8A7F-E2BF947AAB1F}.Debug|Any CPU.Build.0 = Debug|Any CPU
		{2B8F1664-DB8E-4104-8A7F-E2BF947AAB1F}.Release|Any CPU.ActiveCfg = Release|Any CPU
		{2B8F1664-DB8E-4104-8A7F-E2BF947AAB1F}.Release|Any CPU.Build.0 = Release|Any CPU
		{0861AF9C-7B8D-42F6-8472-BE7847BCD30A}.Debug|Any CPU.ActiveCfg = Debug|Any CPU
		{0861AF9C-7B8D-42F6-8472-BE7847BCD30A}.Debug|Any CPU.Build.0 = Debug|Any CPU
		{0861AF9C-7B8D-42F6-8472-BE7847BCD30A}.Release|Any CPU.ActiveCfg = Release|Any CPU
		{0861AF9C-7B8D-42F6-8472-BE7847BCD30A}.Release|Any CPU.Build.0 = Release|Any CPU
		{014E3F36-9099-4886-96FD-6D13F6990067}.Debug|Any CPU.ActiveCfg = Debug|Any CPU
		{014E3F36-9099-4886-96FD-6D13F6990067}.Debug|Any CPU.Build.0 = Debug|Any CPU
		{014E3F36-9099-4886-96FD-6D13F6990067}.Release|Any CPU.ActiveCfg = Release|Any CPU
		{014E3F36-9099-4886-96FD-6D13F6990067}.Release|Any CPU.Build.0 = Release|Any CPU
	EndGlobalSection
	GlobalSection(SolutionProperties) = preSolution
		HideSolutionNode = FALSE
	EndGlobalSection
	GlobalSection(ExtensibilityGlobals) = postSolution
		SolutionGuid = {6A2282A0-EECF-4248-84A3-F589DAADB927}
	EndGlobalSection
EndGlobal
